
Microsoft Visual Studio Solution File, Format Version 12.00
# Visual Studio Version 16
VisualStudioVersion = 16.0.33423.256
MinimumVisualStudioVersion = 10.0.40219.1
Project("{8BC9CEB8-8B4A-11D0-8D11-00A0C91BC942}") = "5632755_linkedlist", "5632755_linkedlist.vcxproj", "{A50A3165-3545-4142-A604-57B8CE6B9085}"
EndProject
Global
	GlobalSection(SolutionConfigurationPlatforms) = preSolution
		Debug|x64 = Debug|x64
		Debug|x86 = Debug|x86
		Release|x64 = Release|x64
		Release|x86 = Release|x86
	EndGlobalSection
	GlobalSection(ProjectConfigurationPlatforms) = postSolution
		{A50A3165-3545-4142-A604-57B8CE6B9085}.Debug|x64.ActiveCfg = Debug|x64
		{A50A3165-3545-4142-A604-57B8CE6B9085}.Debug|x64.Build.0 = Debug|x64
		{A50A3165-3545-4142-A604-57B8CE6B9085}.Debug|x86.ActiveCfg = Debug|Win32
		{A50A3165-3545-4142-A604-57B8CE6B9085}.Debug|x86.Build.0 = Debug|Win32
		{A50A3165-3545-4142-A604-57B8CE6B9085}.Release|x64.ActiveCfg = Release|x64
		{A50A3165-3545-4142-A604-57B8CE6B9085}.Release|x64.Build.0 = Release|x64
		{A50A3165-3545-4142-A604-57B8CE6B9085}.Release|x86.ActiveCfg = Release|Win32
		{A50A3165-3545-4142-A604-57B8CE6B9085}.Release|x86.Build.0 = Release|Win32
	EndGlobalSection
	GlobalSection(SolutionProperties) = preSolution
		HideSolutionNode = FALSE
	EndGlobalSection
	GlobalSection(ExtensibilityGlobals) = postSolution
		SolutionGuid = {A78DD205-F720-406B-BB3A-FEA24F0544A2}
	EndGlobalSection
EndGlobal
